
Microsoft Visual Studio Solution File, Format Version 12.00
# Visual Studio Version 17
VisualStudioVersion = 17.5.002.0
MinimumVisualStudioVersion = 10.0.40219.1
Project("{9A19103F-16F7-4668-BE54-9A1E7A4F7556}") = "MultiplicaciónRusa", "MultiplicaciónRusa.csproj", "{CCDC4292-8A87-4101-B9A2-CFD9F536BA3B}"
EndProject
Global
	GlobalSection(SolutionConfigurationPlatforms) = preSolution
		Debug|Any CPU = Debug|Any CPU
		Release|Any CPU = Release|Any CPU
	EndGlobalSection
	GlobalSection(ProjectConfigurationPlatforms) = postSolution
		{CCDC4292-8A87-4101-B9A2-CFD9F536BA3B}.Debug|Any CPU.ActiveCfg = Debug|Any CPU
		{CCDC4292-8A87-4101-B9A2-CFD9F536BA3B}.Debug|Any CPU.Build.0 = Debug|Any CPU
		{CCDC4292-8A87-4101-B9A2-CFD9F536BA3B}.Release|Any CPU.ActiveCfg = Release|Any CPU
		{CCDC4292-8A87-4101-B9A2-CFD9F536BA3B}.Release|Any CPU.Build.0 = Release|Any CPU
	EndGlobalSection
	GlobalSection(SolutionProperties) = preSolution
		HideSolutionNode = FALSE
	EndGlobalSection
	GlobalSection(ExtensibilityGlobals) = postSolution
		SolutionGuid = {5AD537D5-6CDB-47B5-8E62-6B4C433FF0A6}
	EndGlobalSection
EndGlobal
